
Microsoft Visual Studio Solution File, Format Version 12.00
# Visual Studio 2013
VisualStudioVersion = 12.0.21005.1
MinimumVisualStudioVersion = 10.0.40219.1
Project("{FAE04EC0-301F-11D3-BF4B-00C04F79EFBC}") = "ReaderWriterLib", "ReaderWriterLib\ReaderWriterLib.csproj", "{6647B262-FF15-4A70-B9F4-B3CEB1019C59}"
EndProject
Project("{FAE04EC0-301F-11D3-BF4B-00C04F79EFBC}") = "ReaderWriterLib.Tests", "ReaderWriterLib.Tests\ReaderWriterLib.Tests.csproj", "{79CE5F0C-DDC2-4053-AC10-059D3F164E84}"
EndProject
Global
	GlobalSection(SolutionConfigurationPlatforms) = preSolution
		Debug|Any CPU = Debug|Any CPU
		Release|Any CPU = Release|Any CPU
	EndGlobalSection
	GlobalSection(ProjectConfigurationPlatforms) = postSolution
		{6647B262-FF15-4A70-B9F4-B3CEB1019C59}.Debug|Any CPU.ActiveCfg = Debug|Any CPU
		{6647B262-FF15-4A70-B9F4-B3CEB1019C59}.Debug|Any CPU.Build.0 = Debug|Any CPU
		{6647B262-FF15-4A70-B9F4-B3CEB1019C59}.Release|Any CPU.ActiveCfg = Release|Any CPU
		{6647B262-FF15-4A70-B9F4-B3CEB1019C59}.Release|Any CPU.Build.0 = Release|Any CPU
		{79CE5F0C-DDC2-4053-AC10-059D3F164E84}.Debug|Any CPU.ActiveCfg = Debug|Any CPU
		{79CE5F0C-DDC2-4053-AC10-059D3F164E84}.Debug|Any CPU.Build.0 = Debug|Any CPU
		{79CE5F0C-DDC2-4053-AC10-059D3F164E84}.Release|Any CPU.ActiveCfg = Release|Any CPU
		{79CE5F0C-DDC2-4053-AC10-059D3F164E84}.Release|Any CPU.Build.0 = Release|Any CPU
	EndGlobalSection
	GlobalSection(SolutionProperties) = preSolution
		HideSolutionNode = FALSE
	EndGlobalSection
EndGlobal
